
Microsoft Visual Studio Solution File, Format Version 12.00
# Visual Studio 15
VisualStudioVersion = 15.0.26403.7
MinimumVisualStudioVersion = 10.0.40219.1
Project("{9092AA53-FB77-4645-B42D-1CCCA6BD08BD}") = "WaitrCodingChallengeServer", "Server\WaitrCodingChallengeServer.njsproj", "{5F14AD1E-1B4A-454A-B19C-867C55991A32}"
EndProject
Project("{E24C65DC-7377-472B-9ABA-BC803B73C61A}") = "WaitrExampleClient", "WaitrExampleClient\", "{8ED71D2E-F955-42C1-8486-D5A3DF5022A6}"
	ProjectSection(WebsiteProperties) = preProject
		TargetFrameworkMoniker = ".NETFramework,Version%3Dv4.5.2"
		Debug.AspNetCompiler.VirtualPath = "/localhost_61204"
		Debug.AspNetCompiler.PhysicalPath = "WaitrExampleClient\"
		Debug.AspNetCompiler.TargetPath = "PrecompiledWeb\localhost_61204\"
		Debug.AspNetCompiler.Updateable = "true"
		Debug.AspNetCompiler.ForceOverwrite = "true"
		Debug.AspNetCompiler.FixedNames = "false"
		Debug.AspNetCompiler.Debug = "True"
		Release.AspNetCompiler.VirtualPath = "/localhost_61204"
		Release.AspNetCompiler.PhysicalPath = "WaitrExampleClient\"
		Release.AspNetCompiler.TargetPath = "PrecompiledWeb\localhost_61204\"
		Release.AspNetCompiler.Updateable = "true"
		Release.AspNetCompiler.ForceOverwrite = "true"
		Release.AspNetCompiler.FixedNames = "false"
		Release.AspNetCompiler.Debug = "False"
		VWDPort = "61204"
		SlnRelativePath = "WaitrExampleClient\"
	EndProjectSection
EndProject
Project("{2150E333-8FDC-42A3-9474-1A3956D46DE8}") = "Solution Items", "Solution Items", "{F359C71A-1970-4AB6-9AF2-9E705F2E40A1}"
	ProjectSection(SolutionItems) = preProject
		Create Tables.sql = Create Tables.sql
		README.md = README.md
	EndProjectSection
EndProject
Global
	GlobalSection(SolutionConfigurationPlatforms) = preSolution
		Debug|Any CPU = Debug|Any CPU
		Release|Any CPU = Release|Any CPU
	EndGlobalSection
	GlobalSection(ProjectConfigurationPlatforms) = postSolution
		{5F14AD1E-1B4A-454A-B19C-867C55991A32}.Debug|Any CPU.ActiveCfg = Debug|Any CPU
		{5F14AD1E-1B4A-454A-B19C-867C55991A32}.Debug|Any CPU.Build.0 = Debug|Any CPU
		{5F14AD1E-1B4A-454A-B19C-867C55991A32}.Release|Any CPU.ActiveCfg = Release|Any CPU
		{5F14AD1E-1B4A-454A-B19C-867C55991A32}.Release|Any CPU.Build.0 = Release|Any CPU
		{8ED71D2E-F955-42C1-8486-D5A3DF5022A6}.Debug|Any CPU.ActiveCfg = Debug|Any CPU
		{8ED71D2E-F955-42C1-8486-D5A3DF5022A6}.Debug|Any CPU.Build.0 = Debug|Any CPU
		{8ED71D2E-F955-42C1-8486-D5A3DF5022A6}.Release|Any CPU.ActiveCfg = Debug|Any CPU
		{8ED71D2E-F955-42C1-8486-D5A3DF5022A6}.Release|Any CPU.Build.0 = Debug|Any CPU
	EndGlobalSection
	GlobalSection(SolutionProperties) = preSolution
		HideSolutionNode = FALSE
	EndGlobalSection
EndGlobal
